// !$*UTF8*$!
{
	archiveVersion = 1;
	classes = {
	};
	objectVersion = 52;
	objects = {

/* Begin PBXBuildFile section */
		B767407925DE52CA009AE9A0 /* TwitterApp.swift in Sources */ = {isa = PBXBuildFile; fileRef = B767407825DE52CA009AE9A0 /* TwitterApp.swift */; };
		B767407B25DE52CB009AE9A0 /* ContentView.swift in Sources */ = {isa = PBXBuildFile; fileRef = B767407A25DE52CB009AE9A0 /* ContentView.swift */; };
		B767407D25DE52CE009AE9A0 /* Assets.xcassets in Resources */ = {isa = PBXBuildFile; fileRef = B767407C25DE52CE009AE9A0 /* Assets.xcassets */; };
		B767408025DE52CE009AE9A0 /* Preview Assets.xcassets in Resources */ = {isa = PBXBuildFile; fileRef = B767407F25DE52CE009AE9A0 /* Preview Assets.xcassets */; };
		B767408A25DE52E4009AE9A0 /* API.swift in Sources */ = {isa = PBXBuildFile; fileRef = B767408925DE52E4009AE9A0 /* API.swift */; };
		B767408D25DE7602009AE9A0 /* timelineModal.swift in Sources */ = {isa = PBXBuildFile; fileRef = B767408C25DE7602009AE9A0 /* timelineModal.swift */; };
		B767409025DE8E49009AE9A0 /* UsersModal.swift in Sources */ = {isa = PBXBuildFile; fileRef = B767408F25DE8E49009AE9A0 /* UsersModal.swift */; };
		B767409425DEB60A009AE9A0 /* Kingfisher in Frameworks */ = {isa = PBXBuildFile; productRef = B767409325DEB60A009AE9A0 /* Kingfisher */; };
		B7798B5925E0DD54005429F3 /* TrendModal.swift in Sources */ = {isa = PBXBuildFile; fileRef = B7798B5825E0DD54005429F3 /* TrendModal.swift */; };
/* End PBXBuildFile section */

/* Begin PBXFileReference section */
		B767407525DE52CA009AE9A0 /* Twitter.app */ = {isa = PBXFileReference; explicitFileType = wrapper.application; includeInIndex = 0; path = Twitter.app; sourceTree = BUILT_PRODUCTS_DIR; };
		B767407825DE52CA009AE9A0 /* TwitterApp.swift */ = {isa = PBXFileReference; lastKnownFileType = sourcecode.swift; path = TwitterApp.swift; sourceTree = "<group>"; };
		B767407A25DE52CB009AE9A0 /* ContentView.swift */ = {isa = PBXFileReference; lastKnownFileType = sourcecode.swift; path = ContentView.swift; sourceTree = "<group>"; };
		B767407C25DE52CE009AE9A0 /* Assets.xcassets */ = {isa = PBXFileReference; lastKnownFileType = folder.assetcatalog; path = Assets.xcassets; sourceTree = "<group>"; };
		B767407F25DE52CE009AE9A0 /* Preview Assets.xcassets */ = {isa = PBXFileReference; lastKnownFileType = folder.assetcatalog; path = "Preview Assets.xcassets"; sourceTree = "<group>"; };
		B767408125DE52CE009AE9A0 /* Info.plist */ = {isa = PBXFileReference; lastKnownFileType = text.plist.xml; path = Info.plist; sourceTree = "<group>"; };
		B767408225DE52CE009AE9A0 /* Twitter.entitlements */ = {isa = PBXFileReference; lastKnownFileType = text.plist.entitlements; path = Twitter.entitlements; sourceTree = "<group>"; };
		B767408925DE52E4009AE9A0 /* API.swift */ = {isa = PBXFileReference; lastKnownFileType = sourcecode.swift; path = API.swift; sourceTree = "<group>"; };
		B767408C25DE7602009AE9A0 /* timelineModal.swift */ = {isa = PBXFileReference; lastKnownFileType = sourcecode.swift; path = timelineModal.swift; sourceTree = "<group>"; };
		B767408F25DE8E49009AE9A0 /* UsersModal.swift */ = {isa = PBXFileReference; lastKnownFileType = sourcecode.swift; path = UsersModal.swift; sourceTree = "<group>"; };
		B7798B5825E0DD54005429F3 /* TrendModal.swift */ = {isa = PBXFileReference; lastKnownFileType = sourcecode.swift; path = TrendModal.swift; sourceTree = "<group>"; };
/* End PBXFileReference section */

/* Begin PBXFrameworksBuildPhase section */
		B767407225DE52CA009AE9A0 /* Frameworks */ = {
			isa = PBXFrameworksBuildPhase;
			buildActionMask = 2147483647;
			files = (
				B767409425DEB60A009AE9A0 /* Kingfisher in Frameworks */,
			);
			runOnlyForDeploymentPostprocessing = 0;
		};
/* End PBXFrameworksBuildPhase section */

/* Begin PBXGroup section */
		B767406C25DE52CA009AE9A0 = {
			isa = PBXGroup;
			children = (
				B767407725DE52CA009AE9A0 /* Twitter */,
				B767407625DE52CA009AE9A0 /* Products */,
			);
			sourceTree = "<group>";
		};
		B767407625DE52CA009AE9A0 /* Products */ = {
			isa = PBXGroup;
			children = (
				B767407525DE52CA009AE9A0 /* Twitter.app */,
			);
			name = Products;
			sourceTree = "<group>";
		};
		B767407725DE52CA009AE9A0 /* Twitter */ = {
			isa = PBXGroup;
			children = (
				B767407825DE52CA009AE9A0 /* TwitterApp.swift */,
				B767407A25DE52CB009AE9A0 /* ContentView.swift */,
				B767407C25DE52CE009AE9A0 /* Assets.xcassets */,
				B767408125DE52CE009AE9A0 /* Info.plist */,
				B767408225DE52CE009AE9A0 /* Twitter.entitlements */,
				B767407E25DE52CE009AE9A0 /* Preview Content */,
				B767408925DE52E4009AE9A0 /* API.swift */,
				B767408C25DE7602009AE9A0 /* timelineModal.swift */,
				B767408F25DE8E49009AE9A0 /* UsersModal.swift */,
				B7798B5825E0DD54005429F3 /* TrendModal.swift */,
			);
			path = Twitter;
			sourceTree = "<group>";
		};
		B767407E25DE52CE009AE9A0 /* Preview Content */ = {
			isa = PBXGroup;
			children = (
				B767407F25DE52CE009AE9A0 /* Preview Assets.xcassets */,
			);
			path = "Preview Content";
			sourceTree = "<group>";
		};
/* End PBXGroup section */

/* Begin PBXNativeTarget section */
		B767407425DE52CA009AE9A0 /* Twitter */ = {
			isa = PBXNativeTarget;
			buildConfigurationList = B767408525DE52CE009AE9A0 /* Build configuration list for PBXNativeTarget "Twitter" */;
			buildPhases = (
				B767407125DE52CA009AE9A0 /* Sources */,
				B767407225DE52CA009AE9A0 /* Frameworks */,
				B767407325DE52CA009AE9A0 /* Resources */,
			);
			buildRules = (
			);
			dependencies = (
			);
			name = Twitter;
			packageProductDependencies = (
				B767409325DEB60A009AE9A0 /* Kingfisher */,
			);
			productName = Twitter;
			productReference = B767407525DE52CA009AE9A0 /* Twitter.app */;
			productType = "com.apple.product-type.application";
		};
/* End PBXNativeTarget section */

/* Begin PBXProject section */
		B767406D25DE52CA009AE9A0 /* Project object */ = {
			isa = PBXProject;
			attributes = {
				LastSwiftUpdateCheck = 1230;
				LastUpgradeCheck = 1230;
				TargetAttributes = {
					B767407425DE52CA009AE9A0 = {
						CreatedOnToolsVersion = 12.3;
					};
				};
			};
			buildConfigurationList = B767407025DE52CA009AE9A0 /* Build configuration list for PBXProject "Twitter" */;
			compatibilityVersion = "Xcode 9.3";
			developmentRegion = en;
			hasScannedForEncodings = 0;
			knownRegions = (
				en,
				Base,
			);
			mainGroup = B767406C25DE52CA009AE9A0;
			packageReferences = (
				B767409225DEB60A009AE9A0 /* XCRemoteSwiftPackageReference "Kingfisher" */,
			);
			productRefGroup = B767407625DE52CA009AE9A0 /* Products */;
			projectDirPath = "";
			projectRoot = "";
			targets = (
				B767407425DE52CA009AE9A0 /* Twitter */,
			);
		};
/* End PBXProject section */

/* Begin PBXResourcesBuildPhase section */
		B767407325DE52CA009AE9A0 /* Resources */ = {
			isa = PBXResourcesBuildPhase;
			buildActionMask = 2147483647;
			files = (
				B767408025DE52CE009AE9A0 /* Preview Assets.xcassets in Resources */,
				B767407D25DE52CE009AE9A0 /* Assets.xcassets in Resources */,
			);
			runOnlyForDeploymentPostprocessing = 0;
		};
/* End PBXResourcesBuildPhase section */

/* Begin PBXSourcesBuildPhase section */
		B767407125DE52CA009AE9A0 /* Sources */ = {
			isa = PBXSourcesBuildPhase;
			buildActionMask = 2147483647;
			files = (
				B767407B25DE52CB009AE9A0 /* ContentView.swift in Sources */,
				B767408A25DE52E4009AE9A0 /* API.swift in Sources */,
				B767408D25DE7602009AE9A0 /* timelineModal.swift in Sources */,
				B767407925DE52CA009AE9A0 /* TwitterApp.swift in Sources */,
				B767409025DE8E49009AE9A0 /* UsersModal.swift in Sources */,
				B7798B5925E0DD54005429F3 /* TrendModal.swift in Sources */,
			);
			runOnlyForDeploymentPostprocessing = 0;
		};
/* End PBXSourcesBuildPhase section */

/* Begin XCBuildConfiguration section */
		B767408325DE52CE009AE9A0 /* Debug */ = {
			isa = XCBuildConfiguration;
			buildSettings = {
				ALWAYS_SEARCH_USER_PATHS = NO;
				CLANG_ANALYZER_NONNULL = YES;
				CLANG_ANALYZER_NUMBER_OBJECT_CONVERSION = YES_AGGRESSIVE;
				CLANG_CXX_LANGUAGE_STANDARD = "gnu++14";
				CLANG_CXX_LIBRARY = "libc++";
				CLANG_ENABLE_MODULES = YES;
				CLANG_ENABLE_OBJC_ARC = YES;
				CLANG_ENABLE_OBJC_WEAK = YES;
				CLANG_WARN_BLOCK_CAPTURE_AUTORELEASING = YES;
				CLANG_WARN_BOOL_CONVERSION = YES;
				CLANG_WARN_COMMA = YES;
				CLANG_WARN_CONSTANT_CONVERSION = YES;
				CLANG_WARN_DEPRECATED_OBJC_IMPLEMENTATIONS = YES;
				CLANG_WARN_DIRECT_OBJC_ISA_USAGE = YES_ERROR;
				CLANG_WARN_DOCUMENTATION_COMMENTS = YES;
				CLANG_WARN_EMPTY_BODY = YES;
				CLANG_WARN_ENUM_CONVERSION = YES;
				CLANG_WARN_INFINITE_RECURSION = YES;
				CLANG_WARN_INT_CONVERSION = YES;
				CLANG_WARN_NON_LITERAL_NULL_CONVERSION = YES;
				CLANG_WARN_OBJC_IMPLICIT_RETAIN_SELF = YES;
				CLANG_WARN_OBJC_LITERAL_CONVERSION = YES;
				CLANG_WARN_OBJC_ROOT_CLASS = YES_ERROR;
				CLANG_WARN_QUOTED_INCLUDE_IN_FRAMEWORK_HEADER = YES;
				CLANG_WARN_RANGE_LOOP_ANALYSIS = YES;
				CLANG_WARN_STRICT_PROTOTYPES = YES;
				CLANG_WARN_SUSPICIOUS_MOVE = YES;
				CLANG_WARN_UNGUARDED_AVAILABILITY = YES_AGGRESSIVE;
				CLANG_WARN_UNREACHABLE_CODE = YES;
				CLANG_WARN__DUPLICATE_METHOD_MATCH = YES;
				COPY_PHASE_STRIP = NO;
				DEBUG_INFORMATION_FORMAT = dwarf;
				ENABLE_STRICT_OBJC_MSGSEND = YES;
				ENABLE_TESTABILITY = YES;
				GCC_C_LANGUAGE_STANDARD = gnu11;
				GCC_DYNAMIC_NO_PIC = NO;
				GCC_NO_COMMON_BLOCKS = YES;
				GCC_OPTIMIZATION_LEVEL = 0;
				GCC_PREPROCESSOR_DEFINITIONS = (
					"DEBUG=1",
					"$(inherited)",
				);
				GCC_WARN_64_TO_32_BIT_CONVERSION = YES;
				GCC_WARN_ABOUT_RETURN_TYPE = YES_ERROR;
				GCC_WARN_UNDECLARED_SELECTOR = YES;
				GCC_WARN_UNINITIALIZED_AUTOS = YES_AGGRESSIVE;
				GCC_WARN_UNUSED_FUNCTION = YES;
				GCC_WARN_UNUSED_VARIABLE = YES;
				MACOSX_DEPLOYMENT_TARGET = 11.1;
				MTL_ENABLE_DEBUG_INFO = INCLUDE_SOURCE;
				MTL_FAST_MATH = YES;
				ONLY_ACTIVE_ARCH = YES;
				SDKROOT = macosx;
				SWIFT_ACTIVE_COMPILATION_CONDITIONS = DEBUG;
				SWIFT_OPTIMIZATION_LEVEL = "-Onone";
			};
			name = Debug;
		};
		B767408425DE52CE009AE9A0 /* Release */ = {
			isa = XCBuildConfiguration;
			buildSettings = {
				ALWAYS_SEARCH_USER_PATHS = NO;
				CLANG_ANALYZER_NONNULL = YES;
				CLANG_ANALYZER_NUMBER_OBJECT_CONVERSION = YES_AGGRESSIVE;
				CLANG_CXX_LANGUAGE_STANDARD = "gnu++14";
				CLANG_CXX_LIBRARY = "libc++";
				CLANG_ENABLE_MODULES = YES;
				CLANG_ENABLE_OBJC_ARC = YES;
				CLANG_ENABLE_OBJC_WEAK = YES;
				CLANG_WARN_BLOCK_CAPTURE_AUTORELEASING = YES;
				CLANG_WARN_BOOL_CONVERSION = YES;
				CLANG_WARN_COMMA = YES;
				CLANG_WARN_CONSTANT_CONVERSION = YES;
				CLANG_WARN_DEPRECATED_OBJC_IMPLEMENTATIONS = YES;
				CLANG_WARN_DIRECT_OBJC_ISA_USAGE = YES_ERROR;
				CLANG_WARN_DOCUMENTATION_COMMENTS = YES;
				CLANG_WARN_EMPTY_BODY = YES;
				CLANG_WARN_ENUM_CONVERSION = YES;
				CLANG_WARN_INFINITE_RECURSION = YES;
				CLANG_WARN_INT_CONVERSION = YES;
				CLANG_WARN_NON_LITERAL_NULL_CONVERSION = YES;
				CLANG_WARN_OBJC_IMPLICIT_RETAIN_SELF = YES;
				CLANG_WARN_OBJC_LITERAL_CONVERSION = YES;
				CLANG_WARN_OBJC_ROOT_CLASS = YES_ERROR;
				CLANG_WARN_QUOTED_INCLUDE_IN_FRAMEWORK_HEADER = YES;
				CLANG_WARN_RANGE_LOOP_ANALYSIS = YES;
				CLANG_WARN_STRICT_PROTOTYPES = YES;
				CLANG_WARN_SUSPICIOUS_MOVE = YES;
				CLANG_WARN_UNGUARDED_AVAILABILITY = YES_AGGRESSIVE;
				CLANG_WARN_UNREACHABLE_CODE = YES;
				CLANG_WARN__DUPLICATE_METHOD_MATCH = YES;
				COPY_PHASE_STRIP = NO;
				DEBUG_INFORMATION_FORMAT = "dwarf-with-dsym";
				ENABLE_NS_ASSERTIONS = NO;
				ENABLE_STRICT_OBJC_MSGSEND = YES;
				GCC_C_LANGUAGE_STANDARD = gnu11;
				GCC_NO_COMMON_BLOCKS = YES;
				GCC_WARN_64_TO_32_BIT_CONVERSION = YES;
				GCC_WARN_ABOUT_RETURN_TYPE = YES_ERROR;
				GCC_WARN_UNDECLARED_SELECTOR = YES;
				GCC_WARN_UNINITIALIZED_AUTOS = YES_AGGRESSIVE;
				GCC_WARN_UNUSED_FUNCTION = YES;
				GCC_WARN_UNUSED_VARIABLE = YES;
				MACOSX_DEPLOYMENT_TARGET = 11.1;
				MTL_ENABLE_DEBUG_INFO = NO;
				MTL_FAST_MATH = YES;
				SDKROOT = macosx;
				SWIFT_COMPILATION_MODE = wholemodule;
				SWIFT_OPTIMIZATION_LEVEL = "-O";
			};
			name = Release;
		};
		B767408625DE52CE009AE9A0 /* Debug */ = {
			isa = XCBuildConfiguration;
			buildSettings = {
				ASSETCATALOG_COMPILER_APPICON_NAME = AppIcon;
				ASSETCATALOG_COMPILER_GLOBAL_ACCENT_COLOR_NAME = AccentColor;
				CODE_SIGN_ENTITLEMENTS = Twitter/Twitter.entitlements;
				CODE_SIGN_STYLE = Automatic;
				COMBINE_HIDPI_IMAGES = YES;
				DEVELOPMENT_ASSET_PATHS = "\"Twitter/Preview Content\"";
				DEVELOPMENT_TEAM = TR3K2EP48P;
				ENABLE_HARDENED_RUNTIME = YES;
				ENABLE_PREVIEWS = YES;
				INFOPLIST_FILE = Twitter/Info.plist;
				LD_RUNPATH_SEARCH_PATHS = (
					"$(inherited)",
					"@executable_path/../Frameworks",
				);
				MACOSX_DEPLOYMENT_TARGET = 11.0;
				PRODUCT_BUNDLE_IDENTIFIER = com.luby.Twitter;
				PRODUCT_NAME = "$(TARGET_NAME)";
				SWIFT_VERSION = 5.0;
			};
			name = Debug;
		};
		B767408725DE52CE009AE9A0 /* Release */ = {
			isa = XCBuildConfiguration;
			buildSettings = {
				ASSETCATALOG_COMPILER_APPICON_NAME = AppIcon;
				ASSETCATALOG_COMPILER_GLOBAL_ACCENT_COLOR_NAME = AccentColor;
				CODE_SIGN_ENTITLEMENTS = Twitter/Twitter.entitlements;
				CODE_SIGN_STYLE = Automatic;
				COMBINE_HIDPI_IMAGES = YES;
				DEVELOPMENT_ASSET_PATHS = "\"Twitter/Preview Content\"";
				DEVELOPMENT_TEAM = TR3K2EP48P;
				ENABLE_HARDENED_RUNTIME = YES;
				ENABLE_PREVIEWS = YES;
				INFOPLIST_FILE = Twitter/Info.plist;
				LD_RUNPATH_SEARCH_PATHS = (
					"$(inherited)",
					"@executable_path/../Frameworks",
				);
				MACOSX_DEPLOYMENT_TARGET = 11.0;
				PRODUCT_BUNDLE_IDENTIFIER = com.luby.Twitter;
				PRODUCT_NAME = "$(TARGET_NAME)";
				SWIFT_VERSION = 5.0;
			};
			name = Release;
		};
/* End XCBuildConfiguration section */

/* Begin XCConfigurationList section */
		B767407025DE52CA009AE9A0 /* Build configuration list for PBXProject "Twitter" */ = {
			isa = XCConfigurationList;
			buildConfigurations = (
				B767408325DE52CE009AE9A0 /* Debug */,
				B767408425DE52CE009AE9A0 /* Release */,
			);
			defaultConfigurationIsVisible = 0;
			defaultConfigurationName = Release;
		};
		B767408525DE52CE009AE9A0 /* Build configuration list for PBXNativeTarget "Twitter" */ = {
			isa = XCConfigurationList;
			buildConfigurations = (
				B767408625DE52CE009AE9A0 /* Debug */,
				B767408725DE52CE009AE9A0 /* Release */,
			);
			defaultConfigurationIsVisible = 0;
			defaultConfigurationName = Release;
		};
/* End XCConfigurationList section */

/* Begin XCRemoteSwiftPackageReference section */
		B767409225DEB60A009AE9A0 /* XCRemoteSwiftPackageReference "Kingfisher" */ = {
			isa = XCRemoteSwiftPackageReference;
			repositoryURL = "https://github.com/onevcat/Kingfisher.git";
			requirement = {
				kind = upToNextMajorVersion;
				minimumVersion = 6.1.1;
			};
		};
/* End XCRemoteSwiftPackageReference section */

/* Begin XCSwiftPackageProductDependency section */
		B767409325DEB60A009AE9A0 /* Kingfisher */ = {
			isa = XCSwiftPackageProductDependency;
			package = B767409225DEB60A009AE9A0 /* XCRemoteSwiftPackageReference "Kingfisher" */;
			productName = Kingfisher;
		};
/* End XCSwiftPackageProductDependency section */
	};
	rootObject = B767406D25DE52CA009AE9A0 /* Project object */;
}
